
Microsoft Visual Studio Solution File, Format Version 12.00
# Visual Studio Version 17
VisualStudioVersion = 17.7.34009.444
MinimumVisualStudioVersion = 10.0.40219.1
Project("{9A19103F-16F7-4668-BE54-9A1E7A4F7556}") = "StartupGateway.BusinessEntities", "StartupGateway\StartupGateway.BusinessEntities.csproj", "{EB8F5C88-6570-415C-997A-47988F2A2AA5}"
EndProject
Project("{9A19103F-16F7-4668-BE54-9A1E7A4F7556}") = "StartupGateway.DAL", "StartupGateway.DAL\StartupGateway.DAL.csproj", "{D92CEF61-E2C8-4DAC-A5D6-90110A590C7D}"
EndProject
Project("{9A19103F-16F7-4668-BE54-9A1E7A4F7556}") = "StartupGateway.BusinessLogic", "StartupGateway.BusinessLogic\StartupGateway.BusinessLogic.csproj", "{F109B5E3-E6A0-4B55-8602-F060684546E6}"
EndProject
Project("{9A19103F-16F7-4668-BE54-9A1E7A4F7556}") = "StartupGatewayTestUsingSwagger", "StartupGatewayTestUsingSwagger\StartupGatewayTestUsingSwagger.csproj", "{14D72F01-033A-4C32-9EF9-2761A75E8771}"
EndProject
Project("{9A19103F-16F7-4668-BE54-9A1E7A4F7556}") = "StartupGateway.Shared", "StartupGateway.Shared\StartupGateway.Shared.csproj", "{7EC151DB-75E7-47D4-AB64-72FE0274DE39}"
EndProject
Project("{FAE04EC0-301F-11D3-BF4B-00C04F79EFBC}") = "StartupGateway.REST", "StartupGateway.REST\StartupGateway.REST.csproj", "{E7598392-B049-4217-B882-DFBFE949A13A}"
EndProject
Global
	GlobalSection(SolutionConfigurationPlatforms) = preSolution
		Debug|Any CPU = Debug|Any CPU
		Release|Any CPU = Release|Any CPU
	EndGlobalSection
	GlobalSection(ProjectConfigurationPlatforms) = postSolution
		{EB8F5C88-6570-415C-997A-47988F2A2AA5}.Debug|Any CPU.ActiveCfg = Debug|Any CPU
		{EB8F5C88-6570-415C-997A-47988F2A2AA5}.Debug|Any CPU.Build.0 = Debug|Any CPU
		{EB8F5C88-6570-415C-997A-47988F2A2AA5}.Release|Any CPU.ActiveCfg = Release|Any CPU
		{EB8F5C88-6570-415C-997A-47988F2A2AA5}.Release|Any CPU.Build.0 = Release|Any CPU
		{D92CEF61-E2C8-4DAC-A5D6-90110A590C7D}.Debug|Any CPU.ActiveCfg = Debug|Any CPU
		{D92CEF61-E2C8-4DAC-A5D6-90110A590C7D}.Debug|Any CPU.Build.0 = Debug|Any CPU
		{D92CEF61-E2C8-4DAC-A5D6-90110A590C7D}.Release|Any CPU.ActiveCfg = Release|Any CPU
		{D92CEF61-E2C8-4DAC-A5D6-90110A590C7D}.Release|Any CPU.Build.0 = Release|Any CPU
		{F109B5E3-E6A0-4B55-8602-F060684546E6}.Debug|Any CPU.ActiveCfg = Debug|Any CPU
		{F109B5E3-E6A0-4B55-8602-F060684546E6}.Debug|Any CPU.Build.0 = Debug|Any CPU
		{F109B5E3-E6A0-4B55-8602-F060684546E6}.Release|Any CPU.ActiveCfg = Release|Any CPU
		{F109B5E3-E6A0-4B55-8602-F060684546E6}.Release|Any CPU.Build.0 = Release|Any CPU
		{14D72F01-033A-4C32-9EF9-2761A75E8771}.Debug|Any CPU.ActiveCfg = Debug|Any CPU
		{14D72F01-033A-4C32-9EF9-2761A75E8771}.Debug|Any CPU.Build.0 = Debug|Any CPU
		{14D72F01-033A-4C32-9EF9-2761A75E8771}.Release|Any CPU.ActiveCfg = Release|Any CPU
		{14D72F01-033A-4C32-9EF9-2761A75E8771}.Release|Any CPU.Build.0 = Release|Any CPU
		{7EC151DB-75E7-47D4-AB64-72FE0274DE39}.Debug|Any CPU.ActiveCfg = Debug|Any CPU
		{7EC151DB-75E7-47D4-AB64-72FE0274DE39}.Debug|Any CPU.Build.0 = Debug|Any CPU
		{7EC151DB-75E7-47D4-AB64-72FE0274DE39}.Release|Any CPU.ActiveCfg = Release|Any CPU
		{7EC151DB-75E7-47D4-AB64-72FE0274DE39}.Release|Any CPU.Build.0 = Release|Any CPU
		{E7598392-B049-4217-B882-DFBFE949A13A}.Debug|Any CPU.ActiveCfg = Debug|Any CPU
		{E7598392-B049-4217-B882-DFBFE949A13A}.Debug|Any CPU.Build.0 = Debug|Any CPU
		{E7598392-B049-4217-B882-DFBFE949A13A}.Release|Any CPU.ActiveCfg = Release|Any CPU
		{E7598392-B049-4217-B882-DFBFE949A13A}.Release|Any CPU.Build.0 = Release|Any CPU
	EndGlobalSection
	GlobalSection(SolutionProperties) = preSolution
		HideSolutionNode = FALSE
	EndGlobalSection
	GlobalSection(ExtensibilityGlobals) = postSolution
		SolutionGuid = {34C3534A-D137-42FB-8C4F-695F6DB17F79}
	EndGlobalSection
EndGlobal
